
Microsoft Visual Studio Solution File, Format Version 12.00
# Visual Studio Version 17
VisualStudioVersion = 17.11.35327.3
MinimumVisualStudioVersion = 10.0.40219.1
Project("{8BC9CEB8-8B4A-11D0-8D11-00A0C91BC942}") = "Lesson11.2", "Lesson11.2.vcxproj", "{49C40393-715C-443C-B557-536BA2EF65C5}"
EndProject
Global
	GlobalSection(SolutionConfigurationPlatforms) = preSolution
		Debug|x64 = Debug|x64
		Debug|x86 = Debug|x86
		Release|x64 = Release|x64
		Release|x86 = Release|x86
	EndGlobalSection
	GlobalSection(ProjectConfigurationPlatforms) = postSolution
		{49C40393-715C-443C-B557-536BA2EF65C5}.Debug|x64.ActiveCfg = Debug|x64
		{49C40393-715C-443C-B557-536BA2EF65C5}.Debug|x64.Build.0 = Debug|x64
		{49C40393-715C-443C-B557-536BA2EF65C5}.Debug|x86.ActiveCfg = Debug|Win32
		{49C40393-715C-443C-B557-536BA2EF65C5}.Debug|x86.Build.0 = Debug|Win32
		{49C40393-715C-443C-B557-536BA2EF65C5}.Release|x64.ActiveCfg = Release|x64
		{49C40393-715C-443C-B557-536BA2EF65C5}.Release|x64.Build.0 = Release|x64
		{49C40393-715C-443C-B557-536BA2EF65C5}.Release|x86.ActiveCfg = Release|Win32
		{49C40393-715C-443C-B557-536BA2EF65C5}.Release|x86.Build.0 = Release|Win32
	EndGlobalSection
	GlobalSection(SolutionProperties) = preSolution
		HideSolutionNode = FALSE
	EndGlobalSection
	GlobalSection(ExtensibilityGlobals) = postSolution
		SolutionGuid = {7C8CD3D9-0790-4FED-9FA8-7ACED1CE3A68}
	EndGlobalSection
EndGlobal
